{
	"name": "starfield",
	"requires": true,
	"lockfileVersion": 1,
	"dependencies": {
		"@types/three": {
			"version": "0.125.1",
			"resolved": "https://registry.npmjs.org/@types/three/-/three-0.125.1.tgz",
			"integrity": "sha512-OLt5e4qks0PtpryrfsTSxYNUNsf67S1XJVEPW97V2/W7ODV+WGNbk6FdMvj+jXW8fulIOjKv5Qddu9LgeHlkDg==",
			"dev": true
		}
	}
}
